
Microsoft Visual Studio Solution File, Format Version 12.00
# Visual Studio Version 17
VisualStudioVersion = 17.7.34221.43
MinimumVisualStudioVersion = 10.0.40219.1
Project("{9A19103F-16F7-4668-BE54-9A1E7A4F7556}") = "FsmWorkFlowUI", "FsmWorkFlowUI\FsmWorkFlowUI.csproj", "{FDCFA3AC-AF97-4055-A8E0-9FB9F66A8685}"
EndProject
Project("{9A19103F-16F7-4668-BE54-9A1E7A4F7556}") = "FsmBlazorTests", "FsmBlazorTests\FsmBlazorTests.csproj", "{565BA3C7-A389-4444-836F-4990FE660AD9}"
EndProject
Project("{2150E333-8FDC-42A3-9474-1A3956D46DE8}") = "Docs", "Docs", "{257BB2CD-C1B6-415E-B772-E52C6405F78B}"
	ProjectSection(SolutionItems) = preProject
		Docs\LoginWorkflow.svg = Docs\LoginWorkflow.svg
		README.md = README.md
	EndProjectSection
EndProject
Global
	GlobalSection(SolutionConfigurationPlatforms) = preSolution
		Debug|Any CPU = Debug|Any CPU
		Release|Any CPU = Release|Any CPU
	EndGlobalSection
	GlobalSection(ProjectConfigurationPlatforms) = postSolution
		{FDCFA3AC-AF97-4055-A8E0-9FB9F66A8685}.Debug|Any CPU.ActiveCfg = Debug|Any CPU
		{FDCFA3AC-AF97-4055-A8E0-9FB9F66A8685}.Debug|Any CPU.Build.0 = Debug|Any CPU
		{FDCFA3AC-AF97-4055-A8E0-9FB9F66A8685}.Release|Any CPU.ActiveCfg = Release|Any CPU
		{FDCFA3AC-AF97-4055-A8E0-9FB9F66A8685}.Release|Any CPU.Build.0 = Release|Any CPU
		{565BA3C7-A389-4444-836F-4990FE660AD9}.Debug|Any CPU.ActiveCfg = Debug|Any CPU
		{565BA3C7-A389-4444-836F-4990FE660AD9}.Debug|Any CPU.Build.0 = Debug|Any CPU
		{565BA3C7-A389-4444-836F-4990FE660AD9}.Release|Any CPU.ActiveCfg = Release|Any CPU
		{565BA3C7-A389-4444-836F-4990FE660AD9}.Release|Any CPU.Build.0 = Release|Any CPU
	EndGlobalSection
	GlobalSection(SolutionProperties) = preSolution
		HideSolutionNode = FALSE
	EndGlobalSection
	GlobalSection(ExtensibilityGlobals) = postSolution
		SolutionGuid = {1D9E87F8-2F26-4B39-B2B8-39184086082A}
	EndGlobalSection
EndGlobal
